
Microsoft Visual Studio Solution File, Format Version 12.00
# Visual Studio Version 16
VisualStudioVersion = 16.0.30225.117
MinimumVisualStudioVersion = 10.0.40219.1
Project("{FAE04EC0-301F-11D3-BF4B-00C04F79EFBC}") = "AMView", "AssetManager\AMView.csproj", "{9E87208B-43A2-462F-9AF2-8EE2212833CF}"
EndProject
Project("{FAE04EC0-301F-11D3-BF4B-00C04F79EFBC}") = "AMModel", "AssetManagerDatabase\AMModel.csproj", "{EBA14983-83DA-4399-BEA6-363748FED741}"
EndProject
Global
	GlobalSection(SolutionConfigurationPlatforms) = preSolution
		Debug|Any CPU = Debug|Any CPU
		Release|Any CPU = Release|Any CPU
	EndGlobalSection
	GlobalSection(ProjectConfigurationPlatforms) = postSolution
		{9E87208B-43A2-462F-9AF2-8EE2212833CF}.Debug|Any CPU.ActiveCfg = Debug|Any CPU
		{9E87208B-43A2-462F-9AF2-8EE2212833CF}.Debug|Any CPU.Build.0 = Debug|Any CPU
		{9E87208B-43A2-462F-9AF2-8EE2212833CF}.Release|Any CPU.ActiveCfg = Release|Any CPU
		{9E87208B-43A2-462F-9AF2-8EE2212833CF}.Release|Any CPU.Build.0 = Release|Any CPU
		{EBA14983-83DA-4399-BEA6-363748FED741}.Debug|Any CPU.ActiveCfg = Debug|Any CPU
		{EBA14983-83DA-4399-BEA6-363748FED741}.Debug|Any CPU.Build.0 = Debug|Any CPU
		{EBA14983-83DA-4399-BEA6-363748FED741}.Release|Any CPU.ActiveCfg = Release|Any CPU
		{EBA14983-83DA-4399-BEA6-363748FED741}.Release|Any CPU.Build.0 = Release|Any CPU
	EndGlobalSection
	GlobalSection(SolutionProperties) = preSolution
		HideSolutionNode = FALSE
	EndGlobalSection
	GlobalSection(ExtensibilityGlobals) = postSolution
		SolutionGuid = {115B1779-A644-47DB-A6E4-633BB88B62C4}
	EndGlobalSection
EndGlobal
